Microsoft Visual Studio Solution File, Format Version 11.00
# Visual Studio 2008

Project("{F24A0A21-320D-419B-6C75-A9DC58234543}") = "VR Music Creator", "Assembly-CSharp-firstpass.csproj", "{8AA2D59A-15CB-591A-9EB2-AD998E6F8EDF}"
EndProject
Project("{F24A0A21-320D-419B-6C75-A9DC58234543}") = "VR Music Creator", "Assembly-CSharp.csproj", "{AD973C44-B376-F2F3-933E-53064ED2A011}"
EndProject
Project("{F24A0A21-320D-419B-6C75-A9DC58234543}") = "VR Music Creator", "Assembly-CSharp-Editor.csproj", "{D911427D-7A30-FF51-D944-A614595172E5}"
EndProject
Global
	GlobalSection(SolutionConfigurationPlatforms) = preSolution
		Debug|Any CPU = Debug|Any CPU
		Release|Any CPU = Release|Any CPU
	EndGlobalSection
	GlobalSection(ProjectConfigurationPlatforms) = postSolution
		{8AA2D59A-15CB-591A-9EB2-AD998E6F8EDF}.Debug|Any CPU.ActiveCfg = Debug|Any CPU
		{8AA2D59A-15CB-591A-9EB2-AD998E6F8EDF}.Debug|Any CPU.Build.0 = Debug|Any CPU
		{8AA2D59A-15CB-591A-9EB2-AD998E6F8EDF}.Release|Any CPU.ActiveCfg = Release|Any CPU
		{8AA2D59A-15CB-591A-9EB2-AD998E6F8EDF}.Release|Any CPU.Build.0 = Release|Any CPU
		{AD973C44-B376-F2F3-933E-53064ED2A011}.Debug|Any CPU.ActiveCfg = Debug|Any CPU
		{AD973C44-B376-F2F3-933E-53064ED2A011}.Debug|Any CPU.Build.0 = Debug|Any CPU
		{AD973C44-B376-F2F3-933E-53064ED2A011}.Release|Any CPU.ActiveCfg = Release|Any CPU
		{AD973C44-B376-F2F3-933E-53064ED2A011}.Release|Any CPU.Build.0 = Release|Any CPU
		{D911427D-7A30-FF51-D944-A614595172E5}.Debug|Any CPU.ActiveCfg = Debug|Any CPU
		{D911427D-7A30-FF51-D944-A614595172E5}.Debug|Any CPU.Build.0 = Debug|Any CPU
		{D911427D-7A30-FF51-D944-A614595172E5}.Release|Any CPU.ActiveCfg = Release|Any CPU
		{D911427D-7A30-FF51-D944-A614595172E5}.Release|Any CPU.Build.0 = Release|Any CPU
	EndGlobalSection
	GlobalSection(SolutionProperties) = preSolution
		HideSolutionNode = FALSE
	EndGlobalSection
	GlobalSection(MonoDevelopProperties) = preSolution
		StartupItem = Assembly-CSharp.csproj
	EndGlobalSection
EndGlobal
